
Microsoft Visual Studio Solution File, Format Version 12.00
# Visual Studio 14
VisualStudioVersion = 14.0.24720.0
MinimumVisualStudioVersion = 10.0.40219.1
Project("{FAE04EC0-301F-11D3-BF4B-00C04F79EFBC}") = "C-SalasanaManager", "C-SalasanaManager\C-SalasanaManager.csproj", "{E90B5C3A-AA30-4F83-B822-88C947B44123}"
EndProject
Global
	GlobalSection(SolutionConfigurationPlatforms) = preSolution
		Debug|Any CPU = Debug|Any CPU
		Release|Any CPU = Release|Any CPU
	EndGlobalSection
	GlobalSection(ProjectConfigurationPlatforms) = postSolution
		{E90B5C3A-AA30-4F83-B822-88C947B44123}.Debug|Any CPU.ActiveCfg = Debug|Any CPU
		{E90B5C3A-AA30-4F83-B822-88C947B44123}.Debug|Any CPU.Build.0 = Debug|Any CPU
		{E90B5C3A-AA30-4F83-B822-88C947B44123}.Release|Any CPU.ActiveCfg = Release|Any CPU
		{E90B5C3A-AA30-4F83-B822-88C947B44123}.Release|Any CPU.Build.0 = Release|Any CPU
	EndGlobalSection
	GlobalSection(SolutionProperties) = preSolution
		HideSolutionNode = FALSE
	EndGlobalSection
EndGlobal
